// !$*UTF8*$!
{
	archiveVersion = 1;
	classes = {
	};
	objectVersion = 46;
	objects = {

/* Begin PBXBuildFile section */
		06110A471A818AB90073EFE8 /* AppDelegate.swift in Sources */ = {isa = PBXBuildFile; fileRef = 06110A461A818AB90073EFE8 /* AppDelegate.swift */; };
		06110A491A818AB90073EFE8 /* AddViewController.swift in Sources */ = {isa = PBXBuildFile; fileRef = 06110A481A818AB90073EFE8 /* AddViewController.swift */; };
		06110A4C1A818AB90073EFE8 /* Main.storyboard in Resources */ = {isa = PBXBuildFile; fileRef = 06110A4A1A818AB90073EFE8 /* Main.storyboard */; };
		06110A4E1A818AB90073EFE8 /* Images.xcassets in Resources */ = {isa = PBXBuildFile; fileRef = 06110A4D1A818AB90073EFE8 /* Images.xcassets */; };
		06110A511A818AB90073EFE8 /* LaunchScreen.xib in Resources */ = {isa = PBXBuildFile; fileRef = 06110A4F1A818AB90073EFE8 /* LaunchScreen.xib */; };
		06110A5D1A818AB90073EFE8 /* ScavengerhuntTests.swift in Sources */ = {isa = PBXBuildFile; fileRef = 06110A5C1A818AB90073EFE8 /* ScavengerhuntTests.swift */; };
		06110A671A8196540073EFE8 /* ListViewController.swift in Sources */ = {isa = PBXBuildFile; fileRef = 06110A661A8196540073EFE8 /* ListViewController.swift */; };
		067451001A81CF63003FE2E6 /* ItemsManager.swift in Sources */ = {isa = PBXBuildFile; fileRef = 067450FF1A81CF63003FE2E6 /* ItemsManager.swift */; };
		06746C771A81B47B00AB38EC /* ScavengerHuntItem.swift in Sources */ = {isa = PBXBuildFile; fileRef = 06746C761A81B47B00AB38EC /* ScavengerHuntItem.swift */; };
		B7CF2AC51A85B74200DE9D8A /* ImageNavigationController.swift in Sources */ = {isa = PBXBuildFile; fileRef = B7CF2AC41A85B74200DE9D8A /* ImageNavigationController.swift */; };
		B7CF2AC71A85C80400DE9D8A /* PhotoViewer.swift in Sources */ = {isa = PBXBuildFile; fileRef = B7CF2AC61A85C80400DE9D8A /* PhotoViewer.swift */; };
		B7CF2AC91A86A02B00DE9D8A /* annie.jpg in Resources */ = {isa = PBXBuildFile; fileRef = B7CF2AC81A86A02B00DE9D8A /* annie.jpg */; };
		B7CF2ACB1A86BCFB00DE9D8A /* TestFilter.swift in Sources */ = {isa = PBXBuildFile; fileRef = B7CF2ACA1A86BCFB00DE9D8A /* TestFilter.swift */; };
/* End PBXBuildFile section */

/* Begin PBXContainerItemProxy section */
		06110A571A818AB90073EFE8 /* PBXContainerItemProxy */ = {
			isa = PBXContainerItemProxy;
			containerPortal = 06110A391A818AB90073EFE8 /* Project object */;
			proxyType = 1;
			remoteGlobalIDString = 06110A401A818AB90073EFE8;
			remoteInfo = Scavengerhunt;
		};
/* End PBXContainerItemProxy section */

/* Begin PBXFileReference section */
		06110A411A818AB90073EFE8 /* Scavengerhunt.app */ = {isa = PBXFileReference; explicitFileType = wrapper.application; includeInIndex = 0; path = Scavengerhunt.app; sourceTree = BUILT_PRODUCTS_DIR; };
		06110A451A818AB90073EFE8 /* Info.plist */ = {isa = PBXFileReference; lastKnownFileType = text.plist.xml; path = Info.plist; sourceTree = "<group>"; };
		06110A461A818AB90073EFE8 /* AppDelegate.swift */ = {isa = PBXFileReference; lastKnownFileType = sourcecode.swift; path = AppDelegate.swift; sourceTree = "<group>"; };
		06110A481A818AB90073EFE8 /* AddViewController.swift */ = {isa = PBXFileReference; lastKnownFileType = sourcecode.swift; path = AddViewController.swift; sourceTree = "<group>"; };
		06110A4B1A818AB90073EFE8 /* Base */ = {isa = PBXFileReference; lastKnownFileType = file.storyboard; name = Base; path = Base.lproj/Main.storyboard; sourceTree = "<group>"; };
		06110A4D1A818AB90073EFE8 /* Images.xcassets */ = {isa = PBXFileReference; lastKnownFileType = folder.assetcatalog; path = Images.xcassets; sourceTree = "<group>"; };
		06110A501A818AB90073EFE8 /* Base */ = {isa = PBXFileReference; lastKnownFileType = file.xib; name = Base; path = Base.lproj/LaunchScreen.xib; sourceTree = "<group>"; };
		06110A561A818AB90073EFE8 /* ScavengerhuntTests.xctest */ = {isa = PBXFileReference; explicitFileType = wrapper.cfbundle; includeInIndex = 0; path = ScavengerhuntTests.xctest; sourceTree = BUILT_PRODUCTS_DIR; };
		06110A5B1A818AB90073EFE8 /* Info.plist */ = {isa = PBXFileReference; lastKnownFileType = text.plist.xml; path = Info.plist; sourceTree = "<group>"; };
		06110A5C1A818AB90073EFE8 /* ScavengerhuntTests.swift */ = {isa = PBXFileReference; lastKnownFileType = sourcecode.swift; path = ScavengerhuntTests.swift; sourceTree = "<group>"; };
		06110A661A8196540073EFE8 /* ListViewController.swift */ = {isa = PBXFileReference; fileEncoding = 4; lastKnownFileType = sourcecode.swift; path = ListViewController.swift; sourceTree = "<group>"; };
		067450FF1A81CF63003FE2E6 /* ItemsManager.swift */ = {isa = PBXFileReference; fileEncoding = 4; lastKnownFileType = sourcecode.swift; path = ItemsManager.swift; sourceTree = "<group>"; };
		06746C761A81B47B00AB38EC /* ScavengerHuntItem.swift */ = {isa = PBXFileReference; fileEncoding = 4; lastKnownFileType = sourcecode.swift; path = ScavengerHuntItem.swift; sourceTree = "<group>"; };
		B7CF2AC41A85B74200DE9D8A /* ImageNavigationController.swift */ = {isa = PBXFileReference; fileEncoding = 4; lastKnownFileType = sourcecode.swift; path = ImageNavigationController.swift; sourceTree = "<group>"; };
		B7CF2AC61A85C80400DE9D8A /* PhotoViewer.swift */ = {isa = PBXFileReference; fileEncoding = 4; lastKnownFileType = sourcecode.swift; path = PhotoViewer.swift; sourceTree = "<group>"; };
		B7CF2AC81A86A02B00DE9D8A /* annie.jpg */ = {isa = PBXFileReference; lastKnownFileType = image.jpeg; name = annie.jpg; path = ../../../../../../Pictures/annie.jpg; sourceTree = "<group>"; };
		B7CF2ACA1A86BCFB00DE9D8A /* TestFilter.swift */ = {isa = PBXFileReference; fileEncoding = 4; lastKnownFileType = sourcecode.swift; path = TestFilter.swift; sourceTree = "<group>"; };
/* End PBXFileReference section */

/* Begin PBXFrameworksBuildPhase section */
		06110A3E1A818AB90073EFE8 /* Frameworks */ = {
			isa = PBXFrameworksBuildPhase;
			buildActionMask = 2147483647;
			files = (
			);
			runOnlyForDeploymentPostprocessing = 0;
		};
		06110A531A818AB90073EFE8 /* Frameworks */ = {
			isa = PBXFrameworksBuildPhase;
			buildActionMask = 2147483647;
			files = (
			);
			runOnlyForDeploymentPostprocessing = 0;
		};
/* End PBXFrameworksBuildPhase section */

/* Begin PBXGroup section */
		06110A381A818AB90073EFE8 = {
			isa = PBXGroup;
			children = (
				06110A431A818AB90073EFE8 /* Scavengerhunt */,
				06110A591A818AB90073EFE8 /* ScavengerhuntTests */,
				06110A421A818AB90073EFE8 /* Products */,
			);
			sourceTree = "<group>";
		};
		06110A421A818AB90073EFE8 /* Products */ = {
			isa = PBXGroup;
			children = (
				06110A411A818AB90073EFE8 /* Scavengerhunt.app */,
				06110A561A818AB90073EFE8 /* ScavengerhuntTests.xctest */,
			);
			name = Products;
			sourceTree = "<group>";
		};
		06110A431A818AB90073EFE8 /* Scavengerhunt */ = {
			isa = PBXGroup;
			children = (
				B7CF2AC81A86A02B00DE9D8A /* annie.jpg */,
				06110A461A818AB90073EFE8 /* AppDelegate.swift */,
				06110A481A818AB90073EFE8 /* AddViewController.swift */,
				06110A4A1A818AB90073EFE8 /* Main.storyboard */,
				B7CF2AC61A85C80400DE9D8A /* PhotoViewer.swift */,
				B7CF2ACA1A86BCFB00DE9D8A /* TestFilter.swift */,
				B7CF2AC41A85B74200DE9D8A /* ImageNavigationController.swift */,
				06746C761A81B47B00AB38EC /* ScavengerHuntItem.swift */,
				06110A661A8196540073EFE8 /* ListViewController.swift */,
				067450FF1A81CF63003FE2E6 /* ItemsManager.swift */,
				06110A4D1A818AB90073EFE8 /* Images.xcassets */,
				06110A4F1A818AB90073EFE8 /* LaunchScreen.xib */,
				06110A441A818AB90073EFE8 /* Supporting Files */,
			);
			path = Scavengerhunt;
			sourceTree = "<group>";
		};
		06110A441A818AB90073EFE8 /* Supporting Files */ = {
			isa = PBXGroup;
			children = (
				06110A451A818AB90073EFE8 /* Info.plist */,
			);
			name = "Supporting Files";
			sourceTree = "<group>";
		};
		06110A591A818AB90073EFE8 /* ScavengerhuntTests */ = {
			isa = PBXGroup;
			children = (
				06110A5C1A818AB90073EFE8 /* ScavengerhuntTests.swift */,
				06110A5A1A818AB90073EFE8 /* Supporting Files */,
			);
			path = ScavengerhuntTests;
			sourceTree = "<group>";
		};
		06110A5A1A818AB90073EFE8 /* Supporting Files */ = {
			isa = PBXGroup;
			children = (
				06110A5B1A818AB90073EFE8 /* Info.plist */,
			);
			name = "Supporting Files";
			sourceTree = "<group>";
		};
/* End PBXGroup section */

/* Begin PBXNativeTarget section */
		06110A401A818AB90073EFE8 /* Scavengerhunt */ = {
			isa = PBXNativeTarget;
			buildConfigurationList = 06110A601A818AB90073EFE8 /* Build configuration list for PBXNativeTarget "Scavengerhunt" */;
			buildPhases = (
				06110A3D1A818AB90073EFE8 /* Sources */,
				06110A3E1A818AB90073EFE8 /* Frameworks */,
				06110A3F1A818AB90073EFE8 /* Resources */,
			);
			buildRules = (
			);
			dependencies = (
			);
			name = Scavengerhunt;
			productName = Scavengerhunt;
			productReference = 06110A411A818AB90073EFE8 /* Scavengerhunt.app */;
			productType = "com.apple.product-type.application";
		};
		06110A551A818AB90073EFE8 /* ScavengerhuntTests */ = {
			isa = PBXNativeTarget;
			buildConfigurationList = 06110A631A818AB90073EFE8 /* Build configuration list for PBXNativeTarget "ScavengerhuntTests" */;
			buildPhases = (
				06110A521A818AB90073EFE8 /* Sources */,
				06110A531A818AB90073EFE8 /* Frameworks */,
				06110A541A818AB90073EFE8 /* Resources */,
			);
			buildRules = (
			);
			dependencies = (
				06110A581A818AB90073EFE8 /* PBXTargetDependency */,
			);
			name = ScavengerhuntTests;
			productName = ScavengerhuntTests;
			productReference = 06110A561A818AB90073EFE8 /* ScavengerhuntTests.xctest */;
			productType = "com.apple.product-type.bundle.unit-test";
		};
/* End PBXNativeTarget section */

/* Begin PBXProject section */
		06110A391A818AB90073EFE8 /* Project object */ = {
			isa = PBXProject;
			attributes = {
				LastUpgradeCheck = 0610;
				ORGANIZATIONNAME = "Rafael Eduardo Lopez Montilla";
				TargetAttributes = {
					06110A401A818AB90073EFE8 = {
						CreatedOnToolsVersion = 6.1.1;
					};
					06110A551A818AB90073EFE8 = {
						CreatedOnToolsVersion = 6.1.1;
						TestTargetID = 06110A401A818AB90073EFE8;
					};
				};
			};
			buildConfigurationList = 06110A3C1A818AB90073EFE8 /* Build configuration list for PBXProject "Scavengerhunt" */;
			compatibilityVersion = "Xcode 3.2";
			developmentRegion = English;
			hasScannedForEncodings = 0;
			knownRegions = (
				en,
				Base,
			);
			mainGroup = 06110A381A818AB90073EFE8;
			productRefGroup = 06110A421A818AB90073EFE8 /* Products */;
			projectDirPath = "";
			projectRoot = "";
			targets = (
				06110A401A818AB90073EFE8 /* Scavengerhunt */,
				06110A551A818AB90073EFE8 /* ScavengerhuntTests */,
			);
		};
/* End PBXProject section */

/* Begin PBXResourcesBuildPhase section */
		06110A3F1A818AB90073EFE8 /* Resources */ = {
			isa = PBXResourcesBuildPhase;
			buildActionMask = 2147483647;
			files = (
				06110A4C1A818AB90073EFE8 /* Main.storyboard in Resources */,
				06110A511A818AB90073EFE8 /* LaunchScreen.xib in Resources */,
				06110A4E1A818AB90073EFE8 /* Images.xcassets in Resources */,
				B7CF2AC91A86A02B00DE9D8A /* annie.jpg in Resources */,
			);
			runOnlyForDeploymentPostprocessing = 0;
		};
		06110A541A818AB90073EFE8 /* Resources */ = {
			isa = PBXResourcesBuildPhase;
			buildActionMask = 2147483647;
			files = (
			);
			runOnlyForDeploymentPostprocessing = 0;
		};
/* End PBXResourcesBuildPhase section */

/* Begin PBXSourcesBuildPhase section */
		06110A3D1A818AB90073EFE8 /* Sources */ = {
			isa = PBXSourcesBuildPhase;
			buildActionMask = 2147483647;
			files = (
				06110A491A818AB90073EFE8 /* AddViewController.swift in Sources */,
				B7CF2ACB1A86BCFB00DE9D8A /* TestFilter.swift in Sources */,
				06110A471A818AB90073EFE8 /* AppDelegate.swift in Sources */,
				06746C771A81B47B00AB38EC /* ScavengerHuntItem.swift in Sources */,
				B7CF2AC71A85C80400DE9D8A /* PhotoViewer.swift in Sources */,
				06110A671A8196540073EFE8 /* ListViewController.swift in Sources */,
				067451001A81CF63003FE2E6 /* ItemsManager.swift in Sources */,
				B7CF2AC51A85B74200DE9D8A /* ImageNavigationController.swift in Sources */,
			);
			runOnlyForDeploymentPostprocessing = 0;
		};
		06110A521A818AB90073EFE8 /* Sources */ = {
			isa = PBXSourcesBuildPhase;
			buildActionMask = 2147483647;
			files = (
				06110A5D1A818AB90073EFE8 /* ScavengerhuntTests.swift in Sources */,
			);
			runOnlyForDeploymentPostprocessing = 0;
		};
/* End PBXSourcesBuildPhase section */

/* Begin PBXTargetDependency section */
		06110A581A818AB90073EFE8 /* PBXTargetDependency */ = {
			isa = PBXTargetDependency;
			target = 06110A401A818AB90073EFE8 /* Scavengerhunt */;
			targetProxy = 06110A571A818AB90073EFE8 /* PBXContainerItemProxy */;
		};
/* End PBXTargetDependency section */

/* Begin PBXVariantGroup section */
		06110A4A1A818AB90073EFE8 /* Main.storyboard */ = {
			isa = PBXVariantGroup;
			children = (
				06110A4B1A818AB90073EFE8 /* Base */,
			);
			name = Main.storyboard;
			sourceTree = "<group>";
		};
		06110A4F1A818AB90073EFE8 /* LaunchScreen.xib */ = {
			isa = PBXVariantGroup;
			children = (
				06110A501A818AB90073EFE8 /* Base */,
			);
			name = LaunchScreen.xib;
			sourceTree = "<group>";
		};
/* End PBXVariantGroup section */

/* Begin XCBuildConfiguration section */
		06110A5E1A818AB90073EFE8 /* Debug */ = {
			isa = XCBuildConfiguration;
			buildSettings = {
				ALWAYS_SEARCH_USER_PATHS = NO;
				CLANG_CXX_LANGUAGE_STANDARD = "gnu++0x";
				CLANG_CXX_LIBRARY = "libc++";
				CLANG_ENABLE_MODULES = YES;
				CLANG_ENABLE_OBJC_ARC = YES;
				CLANG_WARN_BOOL_CONVERSION = YES;
				CLANG_WARN_CONSTANT_CONVERSION = YES;
				CLANG_WARN_DIRECT_OBJC_ISA_USAGE = YES_ERROR;
				CLANG_WARN_EMPTY_BODY = YES;
				CLANG_WARN_ENUM_CONVERSION = YES;
				CLANG_WARN_INT_CONVERSION = YES;
				CLANG_WARN_OBJC_ROOT_CLASS = YES_ERROR;
				CLANG_WARN_UNREACHABLE_CODE = YES;
				CLANG_WARN__DUPLICATE_METHOD_MATCH = YES;
				"CODE_SIGN_IDENTITY[sdk=iphoneos*]" = "iPhone Developer";
				COPY_PHASE_STRIP = NO;
				ENABLE_STRICT_OBJC_MSGSEND = YES;
				GCC_C_LANGUAGE_STANDARD = gnu99;
				GCC_DYNAMIC_NO_PIC = NO;
				GCC_OPTIMIZATION_LEVEL = 0;
				GCC_PREPROCESSOR_DEFINITIONS = (
					"DEBUG=1",
					"$(inherited)",
				);
				GCC_SYMBOLS_PRIVATE_EXTERN = NO;
				GCC_WARN_64_TO_32_BIT_CONVERSION = YES;
				GCC_WARN_ABOUT_RETURN_TYPE = YES_ERROR;
				GCC_WARN_UNDECLARED_SELECTOR = YES;
				GCC_WARN_UNINITIALIZED_AUTOS = YES_AGGRESSIVE;
				GCC_WARN_UNUSED_FUNCTION = YES;
				GCC_WARN_UNUSED_VARIABLE = YES;
				IPHONEOS_DEPLOYMENT_TARGET = 8.1;
				MTL_ENABLE_DEBUG_INFO = YES;
				ONLY_ACTIVE_ARCH = YES;
				SDKROOT = iphoneos;
				SWIFT_OPTIMIZATION_LEVEL = "-Onone";
				TARGETED_DEVICE_FAMILY = "1,2";
			};
			name = Debug;
		};
		06110A5F1A818AB90073EFE8 /* Release */ = {
			isa = XCBuildConfiguration;
			buildSettings = {
				ALWAYS_SEARCH_USER_PATHS = NO;
				CLANG_CXX_LANGUAGE_STANDARD = "gnu++0x";
				CLANG_CXX_LIBRARY = "libc++";
				CLANG_ENABLE_MODULES = YES;
				CLANG_ENABLE_OBJC_ARC = YES;
				CLANG_WARN_BOOL_CONVERSION = YES;
				CLANG_WARN_CONSTANT_CONVERSION = YES;
				CLANG_WARN_DIRECT_OBJC_ISA_USAGE = YES_ERROR;
				CLANG_WARN_EMPTY_BODY = YES;
				CLANG_WARN_ENUM_CONVERSION = YES;
				CLANG_WARN_INT_CONVERSION = YES;
				CLANG_WARN_OBJC_ROOT_CLASS = YES_ERROR;
				CLANG_WARN_UNREACHABLE_CODE = YES;
				CLANG_WARN__DUPLICATE_METHOD_MATCH = YES;
				"CODE_SIGN_IDENTITY[sdk=iphoneos*]" = "iPhone Developer";
				COPY_PHASE_STRIP = YES;
				ENABLE_NS_ASSERTIONS = NO;
				ENABLE_STRICT_OBJC_MSGSEND = YES;
				GCC_C_LANGUAGE_STANDARD = gnu99;
				GCC_WARN_64_TO_32_BIT_CONVERSION = YES;
				GCC_WARN_ABOUT_RETURN_TYPE = YES_ERROR;
				GCC_WARN_UNDECLARED_SELECTOR = YES;
				GCC_WARN_UNINITIALIZED_AUTOS = YES_AGGRESSIVE;
				GCC_WARN_UNUSED_FUNCTION = YES;
				GCC_WARN_UNUSED_VARIABLE = YES;
				IPHONEOS_DEPLOYMENT_TARGET = 8.1;
				MTL_ENABLE_DEBUG_INFO = NO;
				SDKROOT = iphoneos;
				TARGETED_DEVICE_FAMILY = "1,2";
				VALIDATE_PRODUCT = YES;
			};
			name = Release;
		};
		06110A611A818AB90073EFE8 /* Debug */ = {
			isa = XCBuildConfiguration;
			buildSettings = {
				ASSETCATALOG_COMPILER_APPICON_NAME = AppIcon;
				INFOPLIST_FILE = Scavengerhunt/Info.plist;
				LD_RUNPATH_SEARCH_PATHS = "$(inherited) @executable_path/Frameworks";
				PRODUCT_NAME = "$(TARGET_NAME)";
			};
			name = Debug;
		};
		06110A621A818AB90073EFE8 /* Release */ = {
			isa = XCBuildConfiguration;
			buildSettings = {
				ASSETCATALOG_COMPILER_APPICON_NAME = AppIcon;
				INFOPLIST_FILE = Scavengerhunt/Info.plist;
				LD_RUNPATH_SEARCH_PATHS = "$(inherited) @executable_path/Frameworks";
				PRODUCT_NAME = "$(TARGET_NAME)";
			};
			name = Release;
		};
		06110A641A818AB90073EFE8 /* Debug */ = {
			isa = XCBuildConfiguration;
			buildSettings = {
				BUNDLE_LOADER = "$(TEST_HOST)";
				FRAMEWORK_SEARCH_PATHS = (
					"$(SDKROOT)/Developer/Library/Frameworks",
					"$(inherited)",
				);
				GCC_PREPROCESSOR_DEFINITIONS = (
					"DEBUG=1",
					"$(inherited)",
				);
				INFOPLIST_FILE = ScavengerhuntTests/Info.plist;
				LD_RUNPATH_SEARCH_PATHS = "$(inherited) @executable_path/Frameworks @loader_path/Frameworks";
				PRODUCT_NAME = "$(TARGET_NAME)";
				TEST_HOST = "$(BUILT_PRODUCTS_DIR)/Scavengerhunt.app/Scavengerhunt";
			};
			name = Debug;
		};
		06110A651A818AB90073EFE8 /* Release */ = {
			isa = XCBuildConfiguration;
			buildSettings = {
				BUNDLE_LOADER = "$(TEST_HOST)";
				FRAMEWORK_SEARCH_PATHS = (
					"$(SDKROOT)/Developer/Library/Frameworks",
					"$(inherited)",
				);
				INFOPLIST_FILE = ScavengerhuntTests/Info.plist;
				LD_RUNPATH_SEARCH_PATHS = "$(inherited) @executable_path/Frameworks @loader_path/Frameworks";
				PRODUCT_NAME = "$(TARGET_NAME)";
				TEST_HOST = "$(BUILT_PRODUCTS_DIR)/Scavengerhunt.app/Scavengerhunt";
			};
			name = Release;
		};
/* End XCBuildConfiguration section */

/* Begin XCConfigurationList section */
		06110A3C1A818AB90073EFE8 /* Build configuration list for PBXProject "Scavengerhunt" */ = {
			isa = XCConfigurationList;
			buildConfigurations = (
				06110A5E1A818AB90073EFE8 /* Debug */,
				06110A5F1A818AB90073EFE8 /* Release */,
			);
			defaultConfigurationIsVisible = 0;
			defaultConfigurationName = Release;
		};
		06110A601A818AB90073EFE8 /* Build configuration list for PBXNativeTarget "Scavengerhunt" */ = {
			isa = XCConfigurationList;
			buildConfigurations = (
				06110A611A818AB90073EFE8 /* Debug */,
				06110A621A818AB90073EFE8 /* Release */,
			);
			defaultConfigurationIsVisible = 0;
			defaultConfigurationName = Release;
		};
		06110A631A818AB90073EFE8 /* Build configuration list for PBXNativeTarget "ScavengerhuntTests" */ = {
			isa = XCConfigurationList;
			buildConfigurations = (
				06110A641A818AB90073EFE8 /* Debug */,
				06110A651A818AB90073EFE8 /* Release */,
			);
			defaultConfigurationIsVisible = 0;
			defaultConfigurationName = Release;
		};
/* End XCConfigurationList section */
	};
	rootObject = 06110A391A818AB90073EFE8 /* Project object */;
}
